// !$*UTF8*$!
{
	archiveVersion = 1;
	classes = {
	};
	objectVersion = 46;
	objects = {

/* Begin PBXBuildFile section */
		DF2E77A3EC319A77D13B74D7 /* Pods_ToDoFirebase.framework in Frameworks */ = {isa = PBXBuildFile; fileRef = D2A60DD2164EF1AB40839D5A /* Pods_ToDoFirebase.framework */; };
		FA1021761E9D783E0018A20D /* ProfileViewController.swift in Sources */ = {isa = PBXBuildFile; fileRef = FA1021751E9D783E0018A20D /* ProfileViewController.swift */; };
		FA1021781E9E4FCD0018A20D /* User.swift in Sources */ = {isa = PBXBuildFile; fileRef = FA1021771E9E4FCD0018A20D /* User.swift */; };
		FA5313BB1E8C772100CBAA2C /* ProfileImageView.swift in Sources */ = {isa = PBXBuildFile; fileRef = FA5313BA1E8C772100CBAA2C /* ProfileImageView.swift */; };
		FA5313BD1E8C7B1200CBAA2C /* CustomButton.swift in Sources */ = {isa = PBXBuildFile; fileRef = FA5313BC1E8C7B1200CBAA2C /* CustomButton.swift */; };
		FA5313BF1E8C7D5C00CBAA2C /* CustomTextField.swift in Sources */ = {isa = PBXBuildFile; fileRef = FA5313BE1E8C7D5C00CBAA2C /* CustomTextField.swift */; };
		FAECB44A1E919035000BDCD1 /* Server.swift in Sources */ = {isa = PBXBuildFile; fileRef = FAECB4491E919035000BDCD1 /* Server.swift */; };
		FAF025E21E8459AA000947BF /* AppDelegate.swift in Sources */ = {isa = PBXBuildFile; fileRef = FAF025E11E8459AA000947BF /* AppDelegate.swift */; };
		FAF025E71E8459AA000947BF /* Main.storyboard in Resources */ = {isa = PBXBuildFile; fileRef = FAF025E51E8459AA000947BF /* Main.storyboard */; };
		FAF025E91E8459AA000947BF /* Assets.xcassets in Resources */ = {isa = PBXBuildFile; fileRef = FAF025E81E8459AA000947BF /* Assets.xcassets */; };
		FAF025EC1E8459AA000947BF /* LaunchScreen.storyboard in Resources */ = {isa = PBXBuildFile; fileRef = FAF025EA1E8459AA000947BF /* LaunchScreen.storyboard */; };
		FAF025F41E845B55000947BF /* GoogleService-Info.plist in Resources */ = {isa = PBXBuildFile; fileRef = FAF025F31E845B55000947BF /* GoogleService-Info.plist */; };
		FAF025FB1E846297000947BF /* LoginViewController.swift in Sources */ = {isa = PBXBuildFile; fileRef = FAF025FA1E846297000947BF /* LoginViewController.swift */; };
		FAF025FD1E8462DA000947BF /* SignUpViewController.swift in Sources */ = {isa = PBXBuildFile; fileRef = FAF025FC1E8462DA000947BF /* SignUpViewController.swift */; };
		FAF025FF1E846351000947BF /* ResetPasswordViewController.swift in Sources */ = {isa = PBXBuildFile; fileRef = FAF025FE1E846351000947BF /* ResetPasswordViewController.swift */; };
		FAF026031E8463D6000947BF /* AddTaskTableViewController.swift in Sources */ = {isa = PBXBuildFile; fileRef = FAF026021E8463D6000947BF /* AddTaskTableViewController.swift */; };
		FAF026051E84648D000947BF /* TodoListTableViewController.swift in Sources */ = {isa = PBXBuildFile; fileRef = FAF026041E84648D000947BF /* TodoListTableViewController.swift */; };
/* End PBXBuildFile section */

/* Begin PBXFileReference section */
		1325AB64708DB421F47B4F2E /* Pods-ToDoFirebase.release.xcconfig */ = {isa = PBXFileReference; includeInIndex = 1; lastKnownFileType = text.xcconfig; name = "Pods-ToDoFirebase.release.xcconfig"; path = "Pods/Target Support Files/Pods-ToDoFirebase/Pods-ToDoFirebase.release.xcconfig"; sourceTree = "<group>"; };
		1EB0DE760FDB41A8E9626CBF /* Pods-ToDoFirebase.debug.xcconfig */ = {isa = PBXFileReference; includeInIndex = 1; lastKnownFileType = text.xcconfig; name = "Pods-ToDoFirebase.debug.xcconfig"; path = "Pods/Target Support Files/Pods-ToDoFirebase/Pods-ToDoFirebase.debug.xcconfig"; sourceTree = "<group>"; };
		D2A60DD2164EF1AB40839D5A /* Pods_ToDoFirebase.framework */ = {isa = PBXFileReference; explicitFileType = wrapper.framework; includeInIndex = 0; path = Pods_ToDoFirebase.framework; sourceTree = BUILT_PRODUCTS_DIR; };
		FA1021751E9D783E0018A20D /* ProfileViewController.swift */ = {isa = PBXFileReference; fileEncoding = 4; lastKnownFileType = sourcecode.swift; path = ProfileViewController.swift; sourceTree = "<group>"; };
		FA1021771E9E4FCD0018A20D /* User.swift */ = {isa = PBXFileReference; fileEncoding = 4; lastKnownFileType = sourcecode.swift; path = User.swift; sourceTree = "<group>"; };
		FA5313BA1E8C772100CBAA2C /* ProfileImageView.swift */ = {isa = PBXFileReference; fileEncoding = 4; lastKnownFileType = sourcecode.swift; path = ProfileImageView.swift; sourceTree = "<group>"; };
		FA5313BC1E8C7B1200CBAA2C /* CustomButton.swift */ = {isa = PBXFileReference; fileEncoding = 4; lastKnownFileType = sourcecode.swift; path = CustomButton.swift; sourceTree = "<group>"; };
		FA5313BE1E8C7D5C00CBAA2C /* CustomTextField.swift */ = {isa = PBXFileReference; fileEncoding = 4; lastKnownFileType = sourcecode.swift; path = CustomTextField.swift; sourceTree = "<group>"; };
		FAECB4491E919035000BDCD1 /* Server.swift */ = {isa = PBXFileReference; fileEncoding = 4; lastKnownFileType = sourcecode.swift; path = Server.swift; sourceTree = "<group>"; };
		FAF025DE1E8459AA000947BF /* ToDoFirebase.app */ = {isa = PBXFileReference; explicitFileType = wrapper.application; includeInIndex = 0; path = ToDoFirebase.app; sourceTree = BUILT_PRODUCTS_DIR; };
		FAF025E11E8459AA000947BF /* AppDelegate.swift */ = {isa = PBXFileReference; lastKnownFileType = sourcecode.swift; path = AppDelegate.swift; sourceTree = "<group>"; };
		FAF025E61E8459AA000947BF /* Base */ = {isa = PBXFileReference; lastKnownFileType = file.storyboard; name = Base; path = Base.lproj/Main.storyboard; sourceTree = "<group>"; };
		FAF025E81E8459AA000947BF /* Assets.xcassets */ = {isa = PBXFileReference; lastKnownFileType = folder.assetcatalog; path = Assets.xcassets; sourceTree = "<group>"; };
		FAF025EB1E8459AA000947BF /* Base */ = {isa = PBXFileReference; lastKnownFileType = file.storyboard; name = Base; path = Base.lproj/LaunchScreen.storyboard; sourceTree = "<group>"; };
		FAF025ED1E8459AA000947BF /* Info.plist */ = {isa = PBXFileReference; lastKnownFileType = text.plist.xml; path = Info.plist; sourceTree = "<group>"; };
		FAF025F31E845B55000947BF /* GoogleService-Info.plist */ = {isa = PBXFileReference; fileEncoding = 4; lastKnownFileType = text.plist.xml; path = "GoogleService-Info.plist"; sourceTree = "<group>"; };
		FAF025FA1E846297000947BF /* LoginViewController.swift */ = {isa = PBXFileReference; fileEncoding = 4; lastKnownFileType = sourcecode.swift; path = LoginViewController.swift; sourceTree = "<group>"; };
		FAF025FC1E8462DA000947BF /* SignUpViewController.swift */ = {isa = PBXFileReference; fileEncoding = 4; lastKnownFileType = sourcecode.swift; path = SignUpViewController.swift; sourceTree = "<group>"; };
		FAF025FE1E846351000947BF /* ResetPasswordViewController.swift */ = {isa = PBXFileReference; fileEncoding = 4; lastKnownFileType = sourcecode.swift; path = ResetPasswordViewController.swift; sourceTree = "<group>"; };
		FAF026021E8463D6000947BF /* AddTaskTableViewController.swift */ = {isa = PBXFileReference; fileEncoding = 4; lastKnownFileType = sourcecode.swift; path = AddTaskTableViewController.swift; sourceTree = "<group>"; };
		FAF026041E84648D000947BF /* TodoListTableViewController.swift */ = {isa = PBXFileReference; fileEncoding = 4; lastKnownFileType = sourcecode.swift; path = TodoListTableViewController.swift; sourceTree = "<group>"; };
/* End PBXFileReference section */

/* Begin PBXFrameworksBuildPhase section */
		FAF025DB1E8459AA000947BF /* Frameworks */ = {
			isa = PBXFrameworksBuildPhase;
			buildActionMask = 2147483647;
			files = (
				DF2E77A3EC319A77D13B74D7 /* Pods_ToDoFirebase.framework in Frameworks */,
			);
			runOnlyForDeploymentPostprocessing = 0;
		};
/* End PBXFrameworksBuildPhase section */

/* Begin PBXGroup section */
		AB431C81C7FD74B49DAC42BA /* Frameworks */ = {
			isa = PBXGroup;
			children = (
				D2A60DD2164EF1AB40839D5A /* Pods_ToDoFirebase.framework */,
			);
			name = Frameworks;
			sourceTree = "<group>";
		};
		EBF78AEBC68D92B74E11862D /* Pods */ = {
			isa = PBXGroup;
			children = (
				1EB0DE760FDB41A8E9626CBF /* Pods-ToDoFirebase.debug.xcconfig */,
				1325AB64708DB421F47B4F2E /* Pods-ToDoFirebase.release.xcconfig */,
			);
			name = Pods;
			sourceTree = "<group>";
		};
		FAF025D51E8459AA000947BF = {
			isa = PBXGroup;
			children = (
				FAF025E01E8459AA000947BF /* ToDoFirebase */,
				FAF025DF1E8459AA000947BF /* Products */,
				EBF78AEBC68D92B74E11862D /* Pods */,
				AB431C81C7FD74B49DAC42BA /* Frameworks */,
			);
			sourceTree = "<group>";
		};
		FAF025DF1E8459AA000947BF /* Products */ = {
			isa = PBXGroup;
			children = (
				FAF025DE1E8459AA000947BF /* ToDoFirebase.app */,
			);
			name = Products;
			sourceTree = "<group>";
		};
		FAF025E01E8459AA000947BF /* ToDoFirebase */ = {
			isa = PBXGroup;
			children = (
				FAF025F61E8461D1000947BF /* UI */,
				FAF025F81E846244000947BF /* Model */,
				FAF025F91E84624A000947BF /* View */,
				FAF025F71E846237000947BF /* Controller */,
				FAF025F51E8461B9000947BF /* Supporting Files */,
			);
			path = ToDoFirebase;
			sourceTree = "<group>";
		};
		FAF025F51E8461B9000947BF /* Supporting Files */ = {
			isa = PBXGroup;
			children = (
				FAF025E11E8459AA000947BF /* AppDelegate.swift */,
				FAF025E81E8459AA000947BF /* Assets.xcassets */,
				FAF025ED1E8459AA000947BF /* Info.plist */,
				FAF025F31E845B55000947BF /* GoogleService-Info.plist */,
			);
			name = "Supporting Files";
			sourceTree = "<group>";
		};
		FAF025F61E8461D1000947BF /* UI */ = {
			isa = PBXGroup;
			children = (
				FAF025E51E8459AA000947BF /* Main.storyboard */,
				FAF025EA1E8459AA000947BF /* LaunchScreen.storyboard */,
			);
			name = UI;
			sourceTree = "<group>";
		};
		FAF025F71E846237000947BF /* Controller */ = {
			isa = PBXGroup;
			children = (
				FAF026041E84648D000947BF /* TodoListTableViewController.swift */,
				FAF025FA1E846297000947BF /* LoginViewController.swift */,
				FAF025FC1E8462DA000947BF /* SignUpViewController.swift */,
				FAF025FE1E846351000947BF /* ResetPasswordViewController.swift */,
				FAF026021E8463D6000947BF /* AddTaskTableViewController.swift */,
				FA1021751E9D783E0018A20D /* ProfileViewController.swift */,
			);
			name = Controller;
			sourceTree = "<group>";
		};
		FAF025F81E846244000947BF /* Model */ = {
			isa = PBXGroup;
			children = (
				FAECB4491E919035000BDCD1 /* Server.swift */,
				FA1021771E9E4FCD0018A20D /* User.swift */,
			);
			name = Model;
			sourceTree = "<group>";
		};
		FAF025F91E84624A000947BF /* View */ = {
			isa = PBXGroup;
			children = (
				FA5313BA1E8C772100CBAA2C /* ProfileImageView.swift */,
				FA5313BC1E8C7B1200CBAA2C /* CustomButton.swift */,
				FA5313BE1E8C7D5C00CBAA2C /* CustomTextField.swift */,
			);
			name = View;
			sourceTree = "<group>";
		};
/* End PBXGroup section */

/* Begin PBXNativeTarget section */
		FAF025DD1E8459AA000947BF /* ToDoFirebase */ = {
			isa = PBXNativeTarget;
			buildConfigurationList = FAF025F01E8459AA000947BF /* Build configuration list for PBXNativeTarget "ToDoFirebase" */;
			buildPhases = (
				0B950B307B4322C0C95CA270 /* [CP] Check Pods Manifest.lock */,
				FAF025DA1E8459AA000947BF /* Sources */,
				FAF025DB1E8459AA000947BF /* Frameworks */,
				FAF025DC1E8459AA000947BF /* Resources */,
				DEED0AD7F2BE647032708354 /* [CP] Embed Pods Frameworks */,
				FA7977F07B616B9AD609D3E5 /* [CP] Copy Pods Resources */,
			);
			buildRules = (
			);
			dependencies = (
			);
			name = ToDoFirebase;
			productName = ToDoFirebase;
			productReference = FAF025DE1E8459AA000947BF /* ToDoFirebase.app */;
			productType = "com.apple.product-type.application";
		};
/* End PBXNativeTarget section */

/* Begin PBXProject section */
		FAF025D61E8459AA000947BF /* Project object */ = {
			isa = PBXProject;
			attributes = {
				LastSwiftUpdateCheck = 0820;
				LastUpgradeCheck = 0820;
				ORGANIZATIONNAME = Grid;
				TargetAttributes = {
					FAF025DD1E8459AA000947BF = {
						CreatedOnToolsVersion = 8.2.1;
						ProvisioningStyle = Automatic;
					};
				};
			};
			buildConfigurationList = FAF025D91E8459AA000947BF /* Build configuration list for PBXProject "FireList" */;
			compatibilityVersion = "Xcode 3.2";
			developmentRegion = English;
			hasScannedForEncodings = 0;
			knownRegions = (
				en,
				Base,
			);
			mainGroup = FAF025D51E8459AA000947BF;
			productRefGroup = FAF025DF1E8459AA000947BF /* Products */;
			projectDirPath = "";
			projectRoot = "";
			targets = (
				FAF025DD1E8459AA000947BF /* ToDoFirebase */,
			);
		};
/* End PBXProject section */

/* Begin PBXResourcesBuildPhase section */
		FAF025DC1E8459AA000947BF /* Resources */ = {
			isa = PBXResourcesBuildPhase;
			buildActionMask = 2147483647;
			files = (
				FAF025EC1E8459AA000947BF /* LaunchScreen.storyboard in Resources */,
				FAF025F41E845B55000947BF /* GoogleService-Info.plist in Resources */,
				FAF025E91E8459AA000947BF /* Assets.xcassets in Resources */,
				FAF025E71E8459AA000947BF /* Main.storyboard in Resources */,
			);
			runOnlyForDeploymentPostprocessing = 0;
		};
/* End PBXResourcesBuildPhase section */

/* Begin PBXShellScriptBuildPhase section */
		0B950B307B4322C0C95CA270 /* [CP] Check Pods Manifest.lock */ = {
			isa = PBXShellScriptBuildPhase;
			buildActionMask = 2147483647;
			files = (
			);
			inputPaths = (
			);
			name = "[CP] Check Pods Manifest.lock";
			outputPaths = (
			);
			runOnlyForDeploymentPostprocessing = 0;
			shellPath = /bin/sh;
			shellScript = "diff \"${PODS_ROOT}/../Podfile.lock\" \"${PODS_ROOT}/Manifest.lock\" > /dev/null\nif [ $? != 0 ] ; then\n    # print error to STDERR\n    echo \"error: The sandbox is not in sync with the Podfile.lock. Run 'pod install' or update your CocoaPods installation.\" >&2\n    exit 1\nfi\n";
			showEnvVarsInLog = 0;
		};
		DEED0AD7F2BE647032708354 /* [CP] Embed Pods Frameworks */ = {
			isa = PBXShellScriptBuildPhase;
			buildActionMask = 2147483647;
			files = (
			);
			inputPaths = (
			);
			name = "[CP] Embed Pods Frameworks";
			outputPaths = (
			);
			runOnlyForDeploymentPostprocessing = 0;
			shellPath = /bin/sh;
			shellScript = "\"${SRCROOT}/Pods/Target Support Files/Pods-ToDoFirebase/Pods-ToDoFirebase-frameworks.sh\"\n";
			showEnvVarsInLog = 0;
		};
		FA7977F07B616B9AD609D3E5 /* [CP] Copy Pods Resources */ = {
			isa = PBXShellScriptBuildPhase;
			buildActionMask = 2147483647;
			files = (
			);
			inputPaths = (
			);
			name = "[CP] Copy Pods Resources";
			outputPaths = (
			);
			runOnlyForDeploymentPostprocessing = 0;
			shellPath = /bin/sh;
			shellScript = "\"${SRCROOT}/Pods/Target Support Files/Pods-ToDoFirebase/Pods-ToDoFirebase-resources.sh\"\n";
			showEnvVarsInLog = 0;
		};
/* End PBXShellScriptBuildPhase section */

/* Begin PBXSourcesBuildPhase section */
		FAF025DA1E8459AA000947BF /* Sources */ = {
			isa = PBXSourcesBuildPhase;
			buildActionMask = 2147483647;
			files = (
				FAF025FD1E8462DA000947BF /* SignUpViewController.swift in Sources */,
				FA5313BB1E8C772100CBAA2C /* ProfileImageView.swift in Sources */,
				FAF026031E8463D6000947BF /* AddTaskTableViewController.swift in Sources */,
				FAF025FB1E846297000947BF /* LoginViewController.swift in Sources */,
				FA5313BD1E8C7B1200CBAA2C /* CustomButton.swift in Sources */,
				FAECB44A1E919035000BDCD1 /* Server.swift in Sources */,
				FA1021761E9D783E0018A20D /* ProfileViewController.swift in Sources */,
				FAF025E21E8459AA000947BF /* AppDelegate.swift in Sources */,
				FA1021781E9E4FCD0018A20D /* User.swift in Sources */,
				FAF025FF1E846351000947BF /* ResetPasswordViewController.swift in Sources */,
				FAF026051E84648D000947BF /* TodoListTableViewController.swift in Sources */,
				FA5313BF1E8C7D5C00CBAA2C /* CustomTextField.swift in Sources */,
			);
			runOnlyForDeploymentPostprocessing = 0;
		};
/* End PBXSourcesBuildPhase section */

/* Begin PBXVariantGroup section */
		FAF025E51E8459AA000947BF /* Main.storyboard */ = {
			isa = PBXVariantGroup;
			children = (
				FAF025E61E8459AA000947BF /* Base */,
			);
			name = Main.storyboard;
			sourceTree = "<group>";
		};
		FAF025EA1E8459AA000947BF /* LaunchScreen.storyboard */ = {
			isa = PBXVariantGroup;
			children = (
				FAF025EB1E8459AA000947BF /* Base */,
			);
			name = LaunchScreen.storyboard;
			sourceTree = "<group>";
		};
/* End PBXVariantGroup section */

/* Begin XCBuildConfiguration section */
		FAF025EE1E8459AA000947BF /* Debug */ = {
			isa = XCBuildConfiguration;
			buildSettings = {
				ALWAYS_SEARCH_USER_PATHS = NO;
				CLANG_ANALYZER_NONNULL = YES;
				CLANG_CXX_LANGUAGE_STANDARD = "gnu++0x";
				CLANG_CXX_LIBRARY = "libc++";
				CLANG_ENABLE_MODULES = YES;
				CLANG_ENABLE_OBJC_ARC = YES;
				CLANG_WARN_BOOL_CONVERSION = YES;
				CLANG_WARN_CONSTANT_CONVERSION = YES;
				CLANG_WARN_DIRECT_OBJC_ISA_USAGE = YES_ERROR;
				CLANG_WARN_DOCUMENTATION_COMMENTS = YES;
				CLANG_WARN_EMPTY_BODY = YES;
				CLANG_WARN_ENUM_CONVERSION = YES;
				CLANG_WARN_INFINITE_RECURSION = YES;
				CLANG_WARN_INT_CONVERSION = YES;
				CLANG_WARN_OBJC_ROOT_CLASS = YES_ERROR;
				CLANG_WARN_SUSPICIOUS_MOVE = YES;
				CLANG_WARN_UNREACHABLE_CODE = YES;
				CLANG_WARN__DUPLICATE_METHOD_MATCH = YES;
				"CODE_SIGN_IDENTITY[sdk=iphoneos*]" = "iPhone Developer";
				COPY_PHASE_STRIP = NO;
				DEBUG_INFORMATION_FORMAT = dwarf;
				ENABLE_STRICT_OBJC_MSGSEND = YES;
				ENABLE_TESTABILITY = YES;
				GCC_C_LANGUAGE_STANDARD = gnu99;
				GCC_DYNAMIC_NO_PIC = NO;
				GCC_NO_COMMON_BLOCKS = YES;
				GCC_OPTIMIZATION_LEVEL = 0;
				GCC_PREPROCESSOR_DEFINITIONS = (
					"DEBUG=1",
					"$(inherited)",
				);
				GCC_WARN_64_TO_32_BIT_CONVERSION = YES;
				GCC_WARN_ABOUT_RETURN_TYPE = YES_ERROR;
				GCC_WARN_UNDECLARED_SELECTOR = YES;
				GCC_WARN_UNINITIALIZED_AUTOS = YES_AGGRESSIVE;
				GCC_WARN_UNUSED_FUNCTION = YES;
				GCC_WARN_UNUSED_VARIABLE = YES;
				IPHONEOS_DEPLOYMENT_TARGET = 10.2;
				MTL_ENABLE_DEBUG_INFO = YES;
				ONLY_ACTIVE_ARCH = YES;
				SDKROOT = iphoneos;
				SWIFT_ACTIVE_COMPILATION_CONDITIONS = DEBUG;
				SWIFT_OPTIMIZATION_LEVEL = "-Onone";
			};
			name = Debug;
		};
		FAF025EF1E8459AA000947BF /* Release */ = {
			isa = XCBuildConfiguration;
			buildSettings = {
				ALWAYS_SEARCH_USER_PATHS = NO;
				CLANG_ANALYZER_NONNULL = YES;
				CLANG_CXX_LANGUAGE_STANDARD = "gnu++0x";
				CLANG_CXX_LIBRARY = "libc++";
				CLANG_ENABLE_MODULES = YES;
				CLANG_ENABLE_OBJC_ARC = YES;
				CLANG_WARN_BOOL_CONVERSION = YES;
				CLANG_WARN_CONSTANT_CONVERSION = YES;
				CLANG_WARN_DIRECT_OBJC_ISA_USAGE = YES_ERROR;
				CLANG_WARN_DOCUMENTATION_COMMENTS = YES;
				CLANG_WARN_EMPTY_BODY = YES;
				CLANG_WARN_ENUM_CONVERSION = YES;
				CLANG_WARN_INFINITE_RECURSION = YES;
				CLANG_WARN_INT_CONVERSION = YES;
				CLANG_WARN_OBJC_ROOT_CLASS = YES_ERROR;
				CLANG_WARN_SUSPICIOUS_MOVE = YES;
				CLANG_WARN_UNREACHABLE_CODE = YES;
				CLANG_WARN__DUPLICATE_METHOD_MATCH = YES;
				"CODE_SIGN_IDENTITY[sdk=iphoneos*]" = "iPhone Developer";
				COPY_PHASE_STRIP = NO;
				DEBUG_INFORMATION_FORMAT = "dwarf-with-dsym";
				ENABLE_NS_ASSERTIONS = NO;
				ENABLE_STRICT_OBJC_MSGSEND = YES;
				GCC_C_LANGUAGE_STANDARD = gnu99;
				GCC_NO_COMMON_BLOCKS = YES;
				GCC_WARN_64_TO_32_BIT_CONVERSION = YES;
				GCC_WARN_ABOUT_RETURN_TYPE = YES_ERROR;
				GCC_WARN_UNDECLARED_SELECTOR = YES;
				GCC_WARN_UNINITIALIZED_AUTOS = YES_AGGRESSIVE;
				GCC_WARN_UNUSED_FUNCTION = YES;
				GCC_WARN_UNUSED_VARIABLE = YES;
				IPHONEOS_DEPLOYMENT_TARGET = 10.2;
				MTL_ENABLE_DEBUG_INFO = NO;
				SDKROOT = iphoneos;
				SWIFT_OPTIMIZATION_LEVEL = "-Owholemodule";
				VALIDATE_PRODUCT = YES;
			};
			name = Release;
		};
		FAF025F11E8459AA000947BF /* Debug */ = {
			isa = XCBuildConfiguration;
			baseConfigurationReference = 1EB0DE760FDB41A8E9626CBF /* Pods-ToDoFirebase.debug.xcconfig */;
			buildSettings = {
				ASSETCATALOG_COMPILER_APPICON_NAME = AppIcon;
				INFOPLIST_FILE = ToDoFirebase/Info.plist;
				LD_RUNPATH_SEARCH_PATHS = "$(inherited) @executable_path/Frameworks";
				PRODUCT_BUNDLE_IDENTIFIER = Gird.ToDoFirebase;
				PRODUCT_NAME = "$(TARGET_NAME)";
				SWIFT_VERSION = 3.0;
			};
			name = Debug;
		};
		FAF025F21E8459AA000947BF /* Release */ = {
			isa = XCBuildConfiguration;
			baseConfigurationReference = 1325AB64708DB421F47B4F2E /* Pods-ToDoFirebase.release.xcconfig */;
			buildSettings = {
				ASSETCATALOG_COMPILER_APPICON_NAME = AppIcon;
				INFOPLIST_FILE = ToDoFirebase/Info.plist;
				LD_RUNPATH_SEARCH_PATHS = "$(inherited) @executable_path/Frameworks";
				PRODUCT_BUNDLE_IDENTIFIER = Gird.ToDoFirebase;
				PRODUCT_NAME = "$(TARGET_NAME)";
				SWIFT_VERSION = 3.0;
			};
			name = Release;
		};
/* End XCBuildConfiguration section */

/* Begin XCConfigurationList section */
		FAF025D91E8459AA000947BF /* Build configuration list for PBXProject "FireList" */ = {
			isa = XCConfigurationList;
			buildConfigurations = (
				FAF025EE1E8459AA000947BF /* Debug */,
				FAF025EF1E8459AA000947BF /* Release */,
			);
			defaultConfigurationIsVisible = 0;
			defaultConfigurationName = Release;
		};
		FAF025F01E8459AA000947BF /* Build configuration list for PBXNativeTarget "ToDoFirebase" */ = {
			isa = XCConfigurationList;
			buildConfigurations = (
				FAF025F11E8459AA000947BF /* Debug */,
				FAF025F21E8459AA000947BF /* Release */,
			);
			defaultConfigurationIsVisible = 0;
			defaultConfigurationName = Release;
		};
/* End XCConfigurationList section */
	};
	rootObject = FAF025D61E8459AA000947BF /* Project object */;
}
